
Microsoft Visual Studio Solution File, Format Version 12.00
# Visual Studio Version 16
VisualStudioVersion = 16.0.34031.81
MinimumVisualStudioVersion = 10.0.40219.1
Project("{FAE04EC0-301F-11D3-BF4B-00C04F79EFBC}") = "curso", "curso.csproj", "{D96006DC-C87F-4B40-8164-79EBDBA0D7A6}"
EndProject
Global
	GlobalSection(SolutionConfigurationPlatforms) = preSolution
		Debug|Any CPU = Debug|Any CPU
		Release|Any CPU = Release|Any CPU
	EndGlobalSection
	GlobalSection(ProjectConfigurationPlatforms) = postSolution
		{D96006DC-C87F-4B40-8164-79EBDBA0D7A6}.Debug|Any CPU.ActiveCfg = Debug|Any CPU
		{D96006DC-C87F-4B40-8164-79EBDBA0D7A6}.Debug|Any CPU.Build.0 = Debug|Any CPU
		{D96006DC-C87F-4B40-8164-79EBDBA0D7A6}.Release|Any CPU.ActiveCfg = Release|Any CPU
		{D96006DC-C87F-4B40-8164-79EBDBA0D7A6}.Release|Any CPU.Build.0 = Release|Any CPU
	EndGlobalSection
	GlobalSection(SolutionProperties) = preSolution
		HideSolutionNode = FALSE
	EndGlobalSection
	GlobalSection(ExtensibilityGlobals) = postSolution
		SolutionGuid = {0FF4A06A-44B2-4D6A-B3A0-E0298F2FEC11}
	EndGlobalSection
EndGlobal
